// !$*UTF8*$!
{
	archiveVersion = 1;
	classes = {
	};
	objectVersion = 52;
	objects = {

/* Begin PBXBuildFile section */
		116999B423E4DF04008C502F /* XCFrameworkExample.h in Headers */ = {isa = PBXBuildFile; fileRef = 116999B223E4DF04008C502F /* XCFrameworkExample.h */; settings = {ATTRIBUTES = (Public, ); }; };
		116999C123E4DF8B008C502F /* AppDelegate.swift in Sources */ = {isa = PBXBuildFile; fileRef = 116999C023E4DF8B008C502F /* AppDelegate.swift */; };
		116999C323E4DF8B008C502F /* SceneDelegate.swift in Sources */ = {isa = PBXBuildFile; fileRef = 116999C223E4DF8B008C502F /* SceneDelegate.swift */; };
		116999C523E4DF8B008C502F /* ViewController.swift in Sources */ = {isa = PBXBuildFile; fileRef = 116999C423E4DF8B008C502F /* ViewController.swift */; };
		116999C823E4DF8B008C502F /* Main.storyboard in Resources */ = {isa = PBXBuildFile; fileRef = 116999C623E4DF8B008C502F /* Main.storyboard */; };
		116999CA23E4DF8D008C502F /* Assets.xcassets in Resources */ = {isa = PBXBuildFile; fileRef = 116999C923E4DF8D008C502F /* Assets.xcassets */; };
		116999CD23E4DF8D008C502F /* LaunchScreen.storyboard in Resources */ = {isa = PBXBuildFile; fileRef = 116999CB23E4DF8D008C502F /* LaunchScreen.storyboard */; };
		116999D423E4E00C008C502F /* CoconutLib.xcframework in Frameworks */ = {isa = PBXBuildFile; fileRef = 116999D323E4E00C008C502F /* CoconutLib.xcframework */; };
		116999D523E4E00C008C502F /* CoconutLib.xcframework in Embed Frameworks */ = {isa = PBXBuildFile; fileRef = 116999D323E4E00C008C502F /* CoconutLib.xcframework */; settings = {ATTRIBUTES = (CodeSignOnCopy, ); }; };
		116999D723E4E015008C502F /* CoconutLib.xcframework in Frameworks */ = {isa = PBXBuildFile; fileRef = 116999D323E4E00C008C502F /* CoconutLib.xcframework */; };
		116999D823E4E015008C502F /* CoconutLib.xcframework in Embed Frameworks */ = {isa = PBXBuildFile; fileRef = 116999D323E4E00C008C502F /* CoconutLib.xcframework */; settings = {ATTRIBUTES = (CodeSignOnCopy, ); }; };
/* End PBXBuildFile section */

/* Begin PBXContainerItemProxy section */
		116999DA23E4E035008C502F /* PBXContainerItemProxy */ = {
			isa = PBXContainerItemProxy;
			containerPortal = 116999A623E4DF04008C502F /* Project object */;
			proxyType = 1;
			remoteGlobalIDString = 116999AE23E4DF04008C502F;
			remoteInfo = XCFrameworkExample;
		};
/* End PBXContainerItemProxy section */

/* Begin PBXCopyFilesBuildPhase section */
		116999D623E4E00C008C502F /* Embed Frameworks */ = {
			isa = PBXCopyFilesBuildPhase;
			buildActionMask = 2147483647;
			dstPath = "";
			dstSubfolderSpec = 10;
			files = (
				116999D523E4E00C008C502F /* CoconutLib.xcframework in Embed Frameworks */,
			);
			name = "Embed Frameworks";
			runOnlyForDeploymentPostprocessing = 0;
		};
		116999D923E4E015008C502F /* Embed Frameworks */ = {
			isa = PBXCopyFilesBuildPhase;
			buildActionMask = 2147483647;
			dstPath = "";
			dstSubfolderSpec = 10;
			files = (
				116999D823E4E015008C502F /* CoconutLib.xcframework in Embed Frameworks */,
			);
			name = "Embed Frameworks";
			runOnlyForDeploymentPostprocessing = 0;
		};
/* End PBXCopyFilesBuildPhase section */

/* Begin PBXFileReference section */
		116999AF23E4DF04008C502F /* XCFrameworkExample.framework */ = {isa = PBXFileReference; explicitFileType = wrapper.framework; includeInIndex = 0; path = XCFrameworkExample.framework; sourceTree = BUILT_PRODUCTS_DIR; };
		116999B223E4DF04008C502F /* XCFrameworkExample.h */ = {isa = PBXFileReference; lastKnownFileType = sourcecode.c.h; path = XCFrameworkExample.h; sourceTree = "<group>"; };
		116999B323E4DF04008C502F /* Info.plist */ = {isa = PBXFileReference; lastKnownFileType = text.plist.xml; path = Info.plist; sourceTree = "<group>"; };
		116999BE23E4DF8B008C502F /* ExampleApp.app */ = {isa = PBXFileReference; explicitFileType = wrapper.application; includeInIndex = 0; path = ExampleApp.app; sourceTree = BUILT_PRODUCTS_DIR; };
		116999C023E4DF8B008C502F /* AppDelegate.swift */ = {isa = PBXFileReference; lastKnownFileType = sourcecode.swift; path = AppDelegate.swift; sourceTree = "<group>"; };
		116999C223E4DF8B008C502F /* SceneDelegate.swift */ = {isa = PBXFileReference; lastKnownFileType = sourcecode.swift; path = SceneDelegate.swift; sourceTree = "<group>"; };
		116999C423E4DF8B008C502F /* ViewController.swift */ = {isa = PBXFileReference; lastKnownFileType = sourcecode.swift; path = ViewController.swift; sourceTree = "<group>"; };
		116999C723E4DF8B008C502F /* Base */ = {isa = PBXFileReference; lastKnownFileType = file.storyboard; name = Base; path = Base.lproj/Main.storyboard; sourceTree = "<group>"; };
		116999C923E4DF8D008C502F /* Assets.xcassets */ = {isa = PBXFileReference; lastKnownFileType = folder.assetcatalog; path = Assets.xcassets; sourceTree = "<group>"; };
		116999CC23E4DF8D008C502F /* Base */ = {isa = PBXFileReference; lastKnownFileType = file.storyboard; name = Base; path = Base.lproj/LaunchScreen.storyboard; sourceTree = "<group>"; };
		116999CE23E4DF8D008C502F /* Info.plist */ = {isa = PBXFileReference; lastKnownFileType = text.plist.xml; path = Info.plist; sourceTree = "<group>"; };
		116999D323E4E00C008C502F /* CoconutLib.xcframework */ = {isa = PBXFileReference; lastKnownFileType = wrapper.xcframework; name = CoconutLib.xcframework; path = ../CoconutLib.xcframework; sourceTree = "<group>"; };
/* End PBXFileReference section */

/* Begin PBXFrameworksBuildPhase section */
		116999AC23E4DF04008C502F /* Frameworks */ = {
			isa = PBXFrameworksBuildPhase;
			buildActionMask = 2147483647;
			files = (
				116999D423E4E00C008C502F /* CoconutLib.xcframework in Frameworks */,
			);
			runOnlyForDeploymentPostprocessing = 0;
		};
		116999BB23E4DF8B008C502F /* Frameworks */ = {
			isa = PBXFrameworksBuildPhase;
			buildActionMask = 2147483647;
			files = (
				116999D723E4E015008C502F /* CoconutLib.xcframework in Frameworks */,
			);
			runOnlyForDeploymentPostprocessing = 0;
		};
/* End PBXFrameworksBuildPhase section */

/* Begin PBXGroup section */
		116999A523E4DF04008C502F = {
			isa = PBXGroup;
			children = (
				116999B123E4DF04008C502F /* XCFrameworkExample */,
				116999BF23E4DF8B008C502F /* ExampleApp */,
				116999B023E4DF04008C502F /* Products */,
				116999D223E4E00C008C502F /* Frameworks */,
			);
			sourceTree = "<group>";
		};
		116999B023E4DF04008C502F /* Products */ = {
			isa = PBXGroup;
			children = (
				116999AF23E4DF04008C502F /* XCFrameworkExample.framework */,
				116999BE23E4DF8B008C502F /* ExampleApp.app */,
			);
			name = Products;
			sourceTree = "<group>";
		};
		116999B123E4DF04008C502F /* XCFrameworkExample */ = {
			isa = PBXGroup;
			children = (
				116999B223E4DF04008C502F /* XCFrameworkExample.h */,
				116999B323E4DF04008C502F /* Info.plist */,
			);
			path = XCFrameworkExample;
			sourceTree = "<group>";
		};
		116999BF23E4DF8B008C502F /* ExampleApp */ = {
			isa = PBXGroup;
			children = (
				116999C023E4DF8B008C502F /* AppDelegate.swift */,
				116999C223E4DF8B008C502F /* SceneDelegate.swift */,
				116999C423E4DF8B008C502F /* ViewController.swift */,
				116999C623E4DF8B008C502F /* Main.storyboard */,
				116999C923E4DF8D008C502F /* Assets.xcassets */,
				116999CB23E4DF8D008C502F /* LaunchScreen.storyboard */,
				116999CE23E4DF8D008C502F /* Info.plist */,
			);
			path = ExampleApp;
			sourceTree = "<group>";
		};
		116999D223E4E00C008C502F /* Frameworks */ = {
			isa = PBXGroup;
			children = (
				116999D323E4E00C008C502F /* CoconutLib.xcframework */,
			);
			name = Frameworks;
			sourceTree = "<group>";
		};
/* End PBXGroup section */

/* Begin PBXHeadersBuildPhase section */
		116999AA23E4DF04008C502F /* Headers */ = {
			isa = PBXHeadersBuildPhase;
			buildActionMask = 2147483647;
			files = (
				116999B423E4DF04008C502F /* XCFrameworkExample.h in Headers */,
			);
			runOnlyForDeploymentPostprocessing = 0;
		};
/* End PBXHeadersBuildPhase section */

/* Begin PBXNativeTarget section */
		116999AE23E4DF04008C502F /* XCFrameworkExample */ = {
			isa = PBXNativeTarget;
			buildConfigurationList = 116999B723E4DF04008C502F /* Build configuration list for PBXNativeTarget "XCFrameworkExample" */;
			buildPhases = (
				116999AA23E4DF04008C502F /* Headers */,
				116999AB23E4DF04008C502F /* Sources */,
				116999AC23E4DF04008C502F /* Frameworks */,
				116999AD23E4DF04008C502F /* Resources */,
				116999D623E4E00C008C502F /* Embed Frameworks */,
			);
			buildRules = (
			);
			dependencies = (
			);
			name = XCFrameworkExample;
			productName = XCFrameworkExample;
			productReference = 116999AF23E4DF04008C502F /* XCFrameworkExample.framework */;
			productType = "com.apple.product-type.framework";
		};
		116999BD23E4DF8B008C502F /* ExampleApp */ = {
			isa = PBXNativeTarget;
			buildConfigurationList = 116999CF23E4DF8D008C502F /* Build configuration list for PBXNativeTarget "ExampleApp" */;
			buildPhases = (
				116999BA23E4DF8B008C502F /* Sources */,
				116999BB23E4DF8B008C502F /* Frameworks */,
				116999BC23E4DF8B008C502F /* Resources */,
				116999D923E4E015008C502F /* Embed Frameworks */,
			);
			buildRules = (
			);
			dependencies = (
				116999DB23E4E035008C502F /* PBXTargetDependency */,
			);
			name = ExampleApp;
			productName = ExampleApp;
			productReference = 116999BE23E4DF8B008C502F /* ExampleApp.app */;
			productType = "com.apple.product-type.application";
		};
/* End PBXNativeTarget section */

/* Begin PBXProject section */
		116999A623E4DF04008C502F /* Project object */ = {
			isa = PBXProject;
			attributes = {
				LastSwiftUpdateCheck = 1130;
				LastUpgradeCheck = 1130;
				ORGANIZATIONNAME = XCFrameworkExample;
				TargetAttributes = {
					116999AE23E4DF04008C502F = {
						CreatedOnToolsVersion = 11.3.1;
					};
					116999BD23E4DF8B008C502F = {
						CreatedOnToolsVersion = 11.3.1;
					};
				};
			};
			buildConfigurationList = 116999A923E4DF04008C502F /* Build configuration list for PBXProject "XCFrameworkExample" */;
			compatibilityVersion = "Xcode 9.3";
			developmentRegion = en;
			hasScannedForEncodings = 0;
			knownRegions = (
				en,
				Base,
			);
			mainGroup = 116999A523E4DF04008C502F;
			productRefGroup = 116999B023E4DF04008C502F /* Products */;
			projectDirPath = "";
			projectRoot = "";
			targets = (
				116999AE23E4DF04008C502F /* XCFrameworkExample */,
				116999BD23E4DF8B008C502F /* ExampleApp */,
			);
		};
/* End PBXProject section */

/* Begin PBXResourcesBuildPhase section */
		116999AD23E4DF04008C502F /* Resources */ = {
			isa = PBXResourcesBuildPhase;
			buildActionMask = 2147483647;
			files = (
			);
			runOnlyForDeploymentPostprocessing = 0;
		};
		116999BC23E4DF8B008C502F /* Resources */ = {
			isa = PBXResourcesBuildPhase;
			buildActionMask = 2147483647;
			files = (
				116999CD23E4DF8D008C502F /* LaunchScreen.storyboard in Resources */,
				116999CA23E4DF8D008C502F /* Assets.xcassets in Resources */,
				116999C823E4DF8B008C502F /* Main.storyboard in Resources */,
			);
			runOnlyForDeploymentPostprocessing = 0;
		};
/* End PBXResourcesBuildPhase section */

/* Begin PBXSourcesBuildPhase section */
		116999AB23E4DF04008C502F /* Sources */ = {
			isa = PBXSourcesBuildPhase;
			buildActionMask = 2147483647;
			files = (
			);
			runOnlyForDeploymentPostprocessing = 0;
		};
		116999BA23E4DF8B008C502F /* Sources */ = {
			isa = PBXSourcesBuildPhase;
			buildActionMask = 2147483647;
			files = (
				116999C523E4DF8B008C502F /* ViewController.swift in Sources */,
				116999C123E4DF8B008C502F /* AppDelegate.swift in Sources */,
				116999C323E4DF8B008C502F /* SceneDelegate.swift in Sources */,
			);
			runOnlyForDeploymentPostprocessing = 0;
		};
/* End PBXSourcesBuildPhase section */

/* Begin PBXTargetDependency section */
		116999DB23E4E035008C502F /* PBXTargetDependency */ = {
			isa = PBXTargetDependency;
			target = 116999AE23E4DF04008C502F /* XCFrameworkExample */;
			targetProxy = 116999DA23E4E035008C502F /* PBXContainerItemProxy */;
		};
/* End PBXTargetDependency section */

/* Begin PBXVariantGroup section */
		116999C623E4DF8B008C502F /* Main.storyboard */ = {
			isa = PBXVariantGroup;
			children = (
				116999C723E4DF8B008C502F /* Base */,
			);
			name = Main.storyboard;
			sourceTree = "<group>";
		};
		116999CB23E4DF8D008C502F /* LaunchScreen.storyboard */ = {
			isa = PBXVariantGroup;
			children = (
				116999CC23E4DF8D008C502F /* Base */,
			);
			name = LaunchScreen.storyboard;
			sourceTree = "<group>";
		};
/* End PBXVariantGroup section */

/* Begin XCBuildConfiguration section */
		116999B523E4DF04008C502F /* Debug */ = {
			isa = XCBuildConfiguration;
			buildSettings = {
				ALWAYS_SEARCH_USER_PATHS = NO;
				CLANG_ANALYZER_NONNULL = YES;
				CLANG_ANALYZER_NUMBER_OBJECT_CONVERSION = YES_AGGRESSIVE;
				CLANG_CXX_LANGUAGE_STANDARD = "gnu++14";
				CLANG_CXX_LIBRARY = "libc++";
				CLANG_ENABLE_MODULES = YES;
				CLANG_ENABLE_OBJC_ARC = YES;
				CLANG_ENABLE_OBJC_WEAK = YES;
				CLANG_WARN_BLOCK_CAPTURE_AUTORELEASING = YES;
				CLANG_WARN_BOOL_CONVERSION = YES;
				CLANG_WARN_COMMA = YES;
				CLANG_WARN_CONSTANT_CONVERSION = YES;
				CLANG_WARN_DEPRECATED_OBJC_IMPLEMENTATIONS = YES;
				CLANG_WARN_DIRECT_OBJC_ISA_USAGE = YES_ERROR;
				CLANG_WARN_DOCUMENTATION_COMMENTS = YES;
				CLANG_WARN_EMPTY_BODY = YES;
				CLANG_WARN_ENUM_CONVERSION = YES;
				CLANG_WARN_INFINITE_RECURSION = YES;
				CLANG_WARN_INT_CONVERSION = YES;
				CLANG_WARN_NON_LITERAL_NULL_CONVERSION = YES;
				CLANG_WARN_OBJC_IMPLICIT_RETAIN_SELF = YES;
				CLANG_WARN_OBJC_LITERAL_CONVERSION = YES;
				CLANG_WARN_OBJC_ROOT_CLASS = YES_ERROR;
				CLANG_WARN_RANGE_LOOP_ANALYSIS = YES;
				CLANG_WARN_STRICT_PROTOTYPES = YES;
				CLANG_WARN_SUSPICIOUS_MOVE = YES;
				CLANG_WARN_UNGUARDED_AVAILABILITY = YES_AGGRESSIVE;
				CLANG_WARN_UNREACHABLE_CODE = YES;
				CLANG_WARN__DUPLICATE_METHOD_MATCH = YES;
				COPY_PHASE_STRIP = NO;
				CURRENT_PROJECT_VERSION = 1;
				DEBUG_INFORMATION_FORMAT = dwarf;
				ENABLE_STRICT_OBJC_MSGSEND = YES;
				ENABLE_TESTABILITY = YES;
				GCC_C_LANGUAGE_STANDARD = gnu11;
				GCC_DYNAMIC_NO_PIC = NO;
				GCC_NO_COMMON_BLOCKS = YES;
				GCC_OPTIMIZATION_LEVEL = 0;
				GCC_PREPROCESSOR_DEFINITIONS = (
					"DEBUG=1",
					"$(inherited)",
				);
				GCC_WARN_64_TO_32_BIT_CONVERSION = YES;
				GCC_WARN_ABOUT_RETURN_TYPE = YES_ERROR;
				GCC_WARN_UNDECLARED_SELECTOR = YES;
				GCC_WARN_UNINITIALIZED_AUTOS = YES_AGGRESSIVE;
				GCC_WARN_UNUSED_FUNCTION = YES;
				GCC_WARN_UNUSED_VARIABLE = YES;
				IPHONEOS_DEPLOYMENT_TARGET = 13.2;
				MTL_ENABLE_DEBUG_INFO = INCLUDE_SOURCE;
				MTL_FAST_MATH = YES;
				ONLY_ACTIVE_ARCH = YES;
				SDKROOT = iphoneos;
				SWIFT_ACTIVE_COMPILATION_CONDITIONS = DEBUG;
				SWIFT_OPTIMIZATION_LEVEL = "-Onone";
				VERSIONING_SYSTEM = "apple-generic";
				VERSION_INFO_PREFIX = "";
			};
			name = Debug;
		};
		116999B623E4DF04008C502F /* Release */ = {
			isa = XCBuildConfiguration;
			buildSettings = {
				ALWAYS_SEARCH_USER_PATHS = NO;
				CLANG_ANALYZER_NONNULL = YES;
				CLANG_ANALYZER_NUMBER_OBJECT_CONVERSION = YES_AGGRESSIVE;
				CLANG_CXX_LANGUAGE_STANDARD = "gnu++14";
				CLANG_CXX_LIBRARY = "libc++";
				CLANG_ENABLE_MODULES = YES;
				CLANG_ENABLE_OBJC_ARC = YES;
				CLANG_ENABLE_OBJC_WEAK = YES;
				CLANG_WARN_BLOCK_CAPTURE_AUTORELEASING = YES;
				CLANG_WARN_BOOL_CONVERSION = YES;
				CLANG_WARN_COMMA = YES;
				CLANG_WARN_CONSTANT_CONVERSION = YES;
				CLANG_WARN_DEPRECATED_OBJC_IMPLEMENTATIONS = YES;
				CLANG_WARN_DIRECT_OBJC_ISA_USAGE = YES_ERROR;
				CLANG_WARN_DOCUMENTATION_COMMENTS = YES;
				CLANG_WARN_EMPTY_BODY = YES;
				CLANG_WARN_ENUM_CONVERSION = YES;
				CLANG_WARN_INFINITE_RECURSION = YES;
				CLANG_WARN_INT_CONVERSION = YES;
				CLANG_WARN_NON_LITERAL_NULL_CONVERSION = YES;
				CLANG_WARN_OBJC_IMPLICIT_RETAIN_SELF = YES;
				CLANG_WARN_OBJC_LITERAL_CONVERSION = YES;
				CLANG_WARN_OBJC_ROOT_CLASS = YES_ERROR;
				CLANG_WARN_RANGE_LOOP_ANALYSIS = YES;
				CLANG_WARN_STRICT_PROTOTYPES = YES;
				CLANG_WARN_SUSPICIOUS_MOVE = YES;
				CLANG_WARN_UNGUARDED_AVAILABILITY = YES_AGGRESSIVE;
				CLANG_WARN_UNREACHABLE_CODE = YES;
				CLANG_WARN__DUPLICATE_METHOD_MATCH = YES;
				COPY_PHASE_STRIP = NO;
				CURRENT_PROJECT_VERSION = 1;
				DEBUG_INFORMATION_FORMAT = "dwarf-with-dsym";
				ENABLE_NS_ASSERTIONS = NO;
				ENABLE_STRICT_OBJC_MSGSEND = YES;
				GCC_C_LANGUAGE_STANDARD = gnu11;
				GCC_NO_COMMON_BLOCKS = YES;
				GCC_WARN_64_TO_32_BIT_CONVERSION = YES;
				GCC_WARN_ABOUT_RETURN_TYPE = YES_ERROR;
				GCC_WARN_UNDECLARED_SELECTOR = YES;
				GCC_WARN_UNINITIALIZED_AUTOS = YES_AGGRESSIVE;
				GCC_WARN_UNUSED_FUNCTION = YES;
				GCC_WARN_UNUSED_VARIABLE = YES;
				IPHONEOS_DEPLOYMENT_TARGET = 13.2;
				MTL_ENABLE_DEBUG_INFO = NO;
				MTL_FAST_MATH = YES;
				SDKROOT = iphoneos;
				SWIFT_COMPILATION_MODE = wholemodule;
				SWIFT_OPTIMIZATION_LEVEL = "-O";
				VALIDATE_PRODUCT = YES;
				VERSIONING_SYSTEM = "apple-generic";
				VERSION_INFO_PREFIX = "";
			};
			name = Release;
		};
		116999B823E4DF04008C502F /* Debug */ = {
			isa = XCBuildConfiguration;
			buildSettings = {
				CODE_SIGN_STYLE = Automatic;
				DEFINES_MODULE = YES;
				DYLIB_COMPATIBILITY_VERSION = 1;
				DYLIB_CURRENT_VERSION = 1;
				DYLIB_INSTALL_NAME_BASE = "@rpath";
				INFOPLIST_FILE = XCFrameworkExample/Info.plist;
				INSTALL_PATH = "$(LOCAL_LIBRARY_DIR)/Frameworks";
				LD_RUNPATH_SEARCH_PATHS = (
					"$(inherited)",
					"@executable_path/Frameworks",
					"@loader_path/Frameworks",
				);
				PRODUCT_BUNDLE_IDENTIFIER = com.XCFrameworkExample;
				PRODUCT_NAME = "$(TARGET_NAME:c99extidentifier)";
				SKIP_INSTALL = YES;
				SWIFT_VERSION = 5.0;
				TARGETED_DEVICE_FAMILY = "1,2";
			};
			name = Debug;
		};
		116999B923E4DF04008C502F /* Release */ = {
			isa = XCBuildConfiguration;
			buildSettings = {
				CODE_SIGN_STYLE = Automatic;
				DEFINES_MODULE = YES;
				DYLIB_COMPATIBILITY_VERSION = 1;
				DYLIB_CURRENT_VERSION = 1;
				DYLIB_INSTALL_NAME_BASE = "@rpath";
				INFOPLIST_FILE = XCFrameworkExample/Info.plist;
				INSTALL_PATH = "$(LOCAL_LIBRARY_DIR)/Frameworks";
				LD_RUNPATH_SEARCH_PATHS = (
					"$(inherited)",
					"@executable_path/Frameworks",
					"@loader_path/Frameworks",
				);
				PRODUCT_BUNDLE_IDENTIFIER = com.XCFrameworkExample;
				PRODUCT_NAME = "$(TARGET_NAME:c99extidentifier)";
				SKIP_INSTALL = YES;
				SWIFT_VERSION = 5.0;
				TARGETED_DEVICE_FAMILY = "1,2";
			};
			name = Release;
		};
		116999D023E4DF8D008C502F /* Debug */ = {
			isa = XCBuildConfiguration;
			buildSettings = {
				ASSETCATALOG_COMPILER_APPICON_NAME = AppIcon;
				CODE_SIGN_STYLE = Automatic;
				INFOPLIST_FILE = ExampleApp/Info.plist;
				LD_RUNPATH_SEARCH_PATHS = (
					"$(inherited)",
					"@executable_path/Frameworks",
				);
				PRODUCT_BUNDLE_IDENTIFIER = com.ExampleApp;
				PRODUCT_NAME = "$(TARGET_NAME)";
				SWIFT_VERSION = 5.0;
				TARGETED_DEVICE_FAMILY = "1,2";
			};
			name = Debug;
		};
		116999D123E4DF8D008C502F /* Release */ = {
			isa = XCBuildConfiguration;
			buildSettings = {
				ASSETCATALOG_COMPILER_APPICON_NAME = AppIcon;
				CODE_SIGN_STYLE = Automatic;
				INFOPLIST_FILE = ExampleApp/Info.plist;
				LD_RUNPATH_SEARCH_PATHS = (
					"$(inherited)",
					"@executable_path/Frameworks",
				);
				PRODUCT_BUNDLE_IDENTIFIER = com.ExampleApp;
				PRODUCT_NAME = "$(TARGET_NAME)";
				SWIFT_VERSION = 5.0;
				TARGETED_DEVICE_FAMILY = "1,2";
			};
			name = Release;
		};
/* End XCBuildConfiguration section */

/* Begin XCConfigurationList section */
		116999A923E4DF04008C502F /* Build configuration list for PBXProject "XCFrameworkExample" */ = {
			isa = XCConfigurationList;
			buildConfigurations = (
				116999B523E4DF04008C502F /* Debug */,
				116999B623E4DF04008C502F /* Release */,
			);
			defaultConfigurationIsVisible = 0;
			defaultConfigurationName = Release;
		};
		116999B723E4DF04008C502F /* Build configuration list for PBXNativeTarget "XCFrameworkExample" */ = {
			isa = XCConfigurationList;
			buildConfigurations = (
				116999B823E4DF04008C502F /* Debug */,
				116999B923E4DF04008C502F /* Release */,
			);
			defaultConfigurationIsVisible = 0;
			defaultConfigurationName = Release;
		};
		116999CF23E4DF8D008C502F /* Build configuration list for PBXNativeTarget "ExampleApp" */ = {
			isa = XCConfigurationList;
			buildConfigurations = (
				116999D023E4DF8D008C502F /* Debug */,
				116999D123E4DF8D008C502F /* Release */,
			);
			defaultConfigurationIsVisible = 0;
			defaultConfigurationName = Release;
		};
/* End XCConfigurationList section */
	};
	rootObject = 116999A623E4DF04008C502F /* Project object */;
}
